
Microsoft Visual Studio Solution File, Format Version 12.00
# Visual Studio Version 17
VisualStudioVersion = 17.11.35208.52
MinimumVisualStudioVersion = 10.0.40219.1
Project("{FAE04EC0-301F-11D3-BF4B-00C04F79EFBC}") = "appdata", "appdata\appdata.csproj", "{D99DF017-2472-41C4-B1C5-3A45AE93D166}"
EndProject
Global
	GlobalSection(SolutionConfigurationPlatforms) = preSolution
		Debug|Any CPU = Debug|Any CPU
		Release|Any CPU = Release|Any CPU
	EndGlobalSection
	GlobalSection(ProjectConfigurationPlatforms) = postSolution
		{D99DF017-2472-41C4-B1C5-3A45AE93D166}.Debug|Any CPU.ActiveCfg = Debug|Any CPU
		{D99DF017-2472-41C4-B1C5-3A45AE93D166}.Debug|Any CPU.Build.0 = Debug|Any CPU
		{D99DF017-2472-41C4-B1C5-3A45AE93D166}.Release|Any CPU.ActiveCfg = Release|Any CPU
		{D99DF017-2472-41C4-B1C5-3A45AE93D166}.Release|Any CPU.Build.0 = Release|Any CPU
	EndGlobalSection
	GlobalSection(SolutionProperties) = preSolution
		HideSolutionNode = FALSE
	EndGlobalSection
	GlobalSection(ExtensibilityGlobals) = postSolution
		SolutionGuid = {09D6FC0C-2922-42FC-BBC6-D50416D1755D}
	EndGlobalSection
EndGlobal
